// !$*UTF8*$!
{
	archiveVersion = 1;
	classes = {
	};
	objectVersion = 56;
	objects = {

/* Begin PBXBuildFile section */
		01E407A72C59100D0006B86F /* AppDelegate.swift in Sources */ = {isa = PBXBuildFile; fileRef = 01E407A62C59100D0006B86F /* AppDelegate.swift */; };
		01E407A92C59100D0006B86F /* SceneDelegate.swift in Sources */ = {isa = PBXBuildFile; fileRef = 01E407A82C59100D0006B86F /* SceneDelegate.swift */; };
		01E407AB2C59100D0006B86F /* ViewController.swift in Sources */ = {isa = PBXBuildFile; fileRef = 01E407AA2C59100D0006B86F /* ViewController.swift */; };
		01E407AE2C59100D0006B86F /* Base in Resources */ = {isa = PBXBuildFile; fileRef = 01E407AD2C59100D0006B86F /* Base */; };
		01E407B02C59100E0006B86F /* Assets.xcassets in Resources */ = {isa = PBXBuildFile; fileRef = 01E407AF2C59100E0006B86F /* Assets.xcassets */; };
		01E407B32C59100E0006B86F /* Base in Resources */ = {isa = PBXBuildFile; fileRef = 01E407B22C59100E0006B86F /* Base */; };
		01E407BB2C5911F60006B86F /* PickerViewController.swift in Sources */ = {isa = PBXBuildFile; fileRef = 01E407BA2C5911F60006B86F /* PickerViewController.swift */; };
		01E407BE2C59120B0006B86F /* SnapKit in Frameworks */ = {isa = PBXBuildFile; productRef = 01E407BD2C59120B0006B86F /* SnapKit */; };
		01E407C12C5914130006B86F /* RxCocoa in Frameworks */ = {isa = PBXBuildFile; productRef = 01E407C02C5914130006B86F /* RxCocoa */; };
		01E407C32C5914130006B86F /* RxSwift in Frameworks */ = {isa = PBXBuildFile; productRef = 01E407C22C5914130006B86F /* RxSwift */; };
		01E407C52C5919090006B86F /* RxTableViewController.swift in Sources */ = {isa = PBXBuildFile; fileRef = 01E407C42C5919090006B86F /* RxTableViewController.swift */; };
		01E407C72C59291A0006B86F /* RxTextFieldViewController.swift in Sources */ = {isa = PBXBuildFile; fileRef = 01E407C62C59291A0006B86F /* RxTextFieldViewController.swift */; };
		01E407CB2C592C480006B86F /* JustViewController.swift in Sources */ = {isa = PBXBuildFile; fileRef = 01E407CA2C592C480006B86F /* JustViewController.swift */; };
		01E407CD2C592D130006B86F /* OfViewController.swift in Sources */ = {isa = PBXBuildFile; fileRef = 01E407CC2C592D130006B86F /* OfViewController.swift */; };
		01E407CF2C592D6C0006B86F /* FromViewController.swift in Sources */ = {isa = PBXBuildFile; fileRef = 01E407CE2C592D6C0006B86F /* FromViewController.swift */; };
		01E407D12C592DB50006B86F /* TakeViewController.swift in Sources */ = {isa = PBXBuildFile; fileRef = 01E407D02C592DB50006B86F /* TakeViewController.swift */; };
		01E407E52C5A0CA10006B86F /* NumberViewController.swift in Sources */ = {isa = PBXBuildFile; fileRef = 01E407E42C5A0CA10006B86F /* NumberViewController.swift */; };
		01E407E72C5A0FEA0006B86F /* BaseViewController.swift in Sources */ = {isa = PBXBuildFile; fileRef = 01E407E62C5A0FEA0006B86F /* BaseViewController.swift */; };
		01E407E92C5A12050006B86F /* SimpleValidationViewController.swift in Sources */ = {isa = PBXBuildFile; fileRef = 01E407E82C5A12050006B86F /* SimpleValidationViewController.swift */; };
		01E407EB2C5A1E760006B86F /* SimpleTableViewViewController.swift in Sources */ = {isa = PBXBuildFile; fileRef = 01E407EA2C5A1E760006B86F /* SimpleTableViewViewController.swift */; };
		01E4082C2C5BCB200006B86F /* ShoppingViewController.swift in Sources */ = {isa = PBXBuildFile; fileRef = 01E4082B2C5BCB200006B86F /* ShoppingViewController.swift */; };
		01E4082F2C5D1C2A0006B86F /* ShoppingCell.swift in Sources */ = {isa = PBXBuildFile; fileRef = 01E4082E2C5D1C2A0006B86F /* ShoppingCell.swift */; };
		01E408312C5E129D0006B86F /* ShoppingEditViewController.swift in Sources */ = {isa = PBXBuildFile; fileRef = 01E408302C5E129D0006B86F /* ShoppingEditViewController.swift */; };
		01E408362C5F49990006B86F /* BirthDayViewController.swift in Sources */ = {isa = PBXBuildFile; fileRef = 01E408352C5F49990006B86F /* BirthDayViewController.swift */; };
		01E408382C5F64A20006B86F /* PasswordViewController.swift in Sources */ = {isa = PBXBuildFile; fileRef = 01E408372C5F64A20006B86F /* PasswordViewController.swift */; };
		01E4083B2C5F65710006B86F /* PasswordView.swift in Sources */ = {isa = PBXBuildFile; fileRef = 01E4083A2C5F65700006B86F /* PasswordView.swift */; };
		01E4083D2C5F658B0006B86F /* BaseView.swift in Sources */ = {isa = PBXBuildFile; fileRef = 01E4083C2C5F658B0006B86F /* BaseView.swift */; };
		01E408402C5F6E690006B86F /* PhoneView.swift in Sources */ = {isa = PBXBuildFile; fileRef = 01E4083F2C5F6E690006B86F /* PhoneView.swift */; };
		01E408422C5F6E900006B86F /* PhoneViewController.swift in Sources */ = {isa = PBXBuildFile; fileRef = 01E408412C5F6E900006B86F /* PhoneViewController.swift */; };
/* End PBXBuildFile section */

/* Begin PBXFileReference section */
		01E407A32C59100D0006B86F /* RxAdapt.app */ = {isa = PBXFileReference; explicitFileType = wrapper.application; includeInIndex = 0; path = RxAdapt.app; sourceTree = BUILT_PRODUCTS_DIR; };
		01E407A62C59100D0006B86F /* AppDelegate.swift */ = {isa = PBXFileReference; lastKnownFileType = sourcecode.swift; path = AppDelegate.swift; sourceTree = "<group>"; };
		01E407A82C59100D0006B86F /* SceneDelegate.swift */ = {isa = PBXFileReference; lastKnownFileType = sourcecode.swift; path = SceneDelegate.swift; sourceTree = "<group>"; };
		01E407AA2C59100D0006B86F /* ViewController.swift */ = {isa = PBXFileReference; lastKnownFileType = sourcecode.swift; path = ViewController.swift; sourceTree = "<group>"; };
		01E407AD2C59100D0006B86F /* Base */ = {isa = PBXFileReference; lastKnownFileType = file.storyboard; name = Base; path = Base.lproj/Main.storyboard; sourceTree = "<group>"; };
		01E407AF2C59100E0006B86F /* Assets.xcassets */ = {isa = PBXFileReference; lastKnownFileType = folder.assetcatalog; path = Assets.xcassets; sourceTree = "<group>"; };
		01E407B22C59100E0006B86F /* Base */ = {isa = PBXFileReference; lastKnownFileType = file.storyboard; name = Base; path = Base.lproj/LaunchScreen.storyboard; sourceTree = "<group>"; };
		01E407B42C59100E0006B86F /* Info.plist */ = {isa = PBXFileReference; lastKnownFileType = text.plist.xml; path = Info.plist; sourceTree = "<group>"; };
		01E407BA2C5911F60006B86F /* PickerViewController.swift */ = {isa = PBXFileReference; lastKnownFileType = sourcecode.swift; path = PickerViewController.swift; sourceTree = "<group>"; };
		01E407C42C5919090006B86F /* RxTableViewController.swift */ = {isa = PBXFileReference; lastKnownFileType = sourcecode.swift; path = RxTableViewController.swift; sourceTree = "<group>"; };
		01E407C62C59291A0006B86F /* RxTextFieldViewController.swift */ = {isa = PBXFileReference; lastKnownFileType = sourcecode.swift; path = RxTextFieldViewController.swift; sourceTree = "<group>"; };
		01E407CA2C592C480006B86F /* JustViewController.swift */ = {isa = PBXFileReference; lastKnownFileType = sourcecode.swift; path = JustViewController.swift; sourceTree = "<group>"; };
		01E407CC2C592D130006B86F /* OfViewController.swift */ = {isa = PBXFileReference; lastKnownFileType = sourcecode.swift; path = OfViewController.swift; sourceTree = "<group>"; };
		01E407CE2C592D6C0006B86F /* FromViewController.swift */ = {isa = PBXFileReference; lastKnownFileType = sourcecode.swift; path = FromViewController.swift; sourceTree = "<group>"; };
		01E407D02C592DB50006B86F /* TakeViewController.swift */ = {isa = PBXFileReference; lastKnownFileType = sourcecode.swift; path = TakeViewController.swift; sourceTree = "<group>"; };
		01E407E42C5A0CA10006B86F /* NumberViewController.swift */ = {isa = PBXFileReference; lastKnownFileType = sourcecode.swift; path = NumberViewController.swift; sourceTree = "<group>"; };
		01E407E62C5A0FEA0006B86F /* BaseViewController.swift */ = {isa = PBXFileReference; lastKnownFileType = sourcecode.swift; path = BaseViewController.swift; sourceTree = "<group>"; };
		01E407E82C5A12050006B86F /* SimpleValidationViewController.swift */ = {isa = PBXFileReference; lastKnownFileType = sourcecode.swift; path = SimpleValidationViewController.swift; sourceTree = "<group>"; };
		01E407EA2C5A1E760006B86F /* SimpleTableViewViewController.swift */ = {isa = PBXFileReference; lastKnownFileType = sourcecode.swift; path = SimpleTableViewViewController.swift; sourceTree = "<group>"; };
		01E4082B2C5BCB200006B86F /* ShoppingViewController.swift */ = {isa = PBXFileReference; lastKnownFileType = sourcecode.swift; path = ShoppingViewController.swift; sourceTree = "<group>"; };
		01E4082E2C5D1C2A0006B86F /* ShoppingCell.swift */ = {isa = PBXFileReference; lastKnownFileType = sourcecode.swift; path = ShoppingCell.swift; sourceTree = "<group>"; };
		01E408302C5E129D0006B86F /* ShoppingEditViewController.swift */ = {isa = PBXFileReference; lastKnownFileType = sourcecode.swift; path = ShoppingEditViewController.swift; sourceTree = "<group>"; };
		01E408352C5F49990006B86F /* BirthDayViewController.swift */ = {isa = PBXFileReference; lastKnownFileType = sourcecode.swift; path = BirthDayViewController.swift; sourceTree = "<group>"; };
		01E408372C5F64A20006B86F /* PasswordViewController.swift */ = {isa = PBXFileReference; lastKnownFileType = sourcecode.swift; path = PasswordViewController.swift; sourceTree = "<group>"; };
		01E4083A2C5F65700006B86F /* PasswordView.swift */ = {isa = PBXFileReference; lastKnownFileType = sourcecode.swift; path = PasswordView.swift; sourceTree = "<group>"; };
		01E4083C2C5F658B0006B86F /* BaseView.swift */ = {isa = PBXFileReference; lastKnownFileType = sourcecode.swift; path = BaseView.swift; sourceTree = "<group>"; };
		01E4083F2C5F6E690006B86F /* PhoneView.swift */ = {isa = PBXFileReference; lastKnownFileType = sourcecode.swift; path = PhoneView.swift; sourceTree = "<group>"; };
		01E408412C5F6E900006B86F /* PhoneViewController.swift */ = {isa = PBXFileReference; lastKnownFileType = sourcecode.swift; path = PhoneViewController.swift; sourceTree = "<group>"; };
/* End PBXFileReference section */

/* Begin PBXFrameworksBuildPhase section */
		01E407A02C59100D0006B86F /* Frameworks */ = {
			isa = PBXFrameworksBuildPhase;
			buildActionMask = 2147483647;
			files = (
				01E407C32C5914130006B86F /* RxSwift in Frameworks */,
				01E407C12C5914130006B86F /* RxCocoa in Frameworks */,
				01E407BE2C59120B0006B86F /* SnapKit in Frameworks */,
			);
			runOnlyForDeploymentPostprocessing = 0;
		};
/* End PBXFrameworksBuildPhase section */

/* Begin PBXGroup section */
		01E4079A2C59100D0006B86F = {
			isa = PBXGroup;
			children = (
				01E407A52C59100D0006B86F /* RxAdapt */,
				01E407A42C59100D0006B86F /* Products */,
			);
			sourceTree = "<group>";
		};
		01E407A42C59100D0006B86F /* Products */ = {
			isa = PBXGroup;
			children = (
				01E407A32C59100D0006B86F /* RxAdapt.app */,
			);
			name = Products;
			sourceTree = "<group>";
		};
		01E407A52C59100D0006B86F /* RxAdapt */ = {
			isa = PBXGroup;
			children = (
				01E407A62C59100D0006B86F /* AppDelegate.swift */,
				01E407A82C59100D0006B86F /* SceneDelegate.swift */,
				01E407AA2C59100D0006B86F /* ViewController.swift */,
				01E407E62C5A0FEA0006B86F /* BaseViewController.swift */,
				01E4083C2C5F658B0006B86F /* BaseView.swift */,
				01E4083E2C5F6E5F0006B86F /* Phone */,
				01E408392C5F64A40006B86F /* Password */,
				01E408342C5F49890006B86F /* DatePicker */,
				01E4082D2C5D1C130006B86F /* Shopping */,
				01E407E32C5A0C910006B86F /* RxExample */,
				01E407C82C592C1E0006B86F /* RxCocoa */,
				01E407C92C592C2D0006B86F /* Observable */,
				01E407AC2C59100D0006B86F /* Main.storyboard */,
				01E407AF2C59100E0006B86F /* Assets.xcassets */,
				01E407B12C59100E0006B86F /* LaunchScreen.storyboard */,
				01E407B42C59100E0006B86F /* Info.plist */,
			);
			path = RxAdapt;
			sourceTree = "<group>";
		};
		01E407C82C592C1E0006B86F /* RxCocoa */ = {
			isa = PBXGroup;
			children = (
				01E407BA2C5911F60006B86F /* PickerViewController.swift */,
				01E407C42C5919090006B86F /* RxTableViewController.swift */,
				01E407C62C59291A0006B86F /* RxTextFieldViewController.swift */,
			);
			path = RxCocoa;
			sourceTree = "<group>";
		};
		01E407C92C592C2D0006B86F /* Observable */ = {
			isa = PBXGroup;
			children = (
				01E407CA2C592C480006B86F /* JustViewController.swift */,
				01E407CC2C592D130006B86F /* OfViewController.swift */,
				01E407CE2C592D6C0006B86F /* FromViewController.swift */,
				01E407D02C592DB50006B86F /* TakeViewController.swift */,
			);
			path = Observable;
			sourceTree = "<group>";
		};
		01E407E32C5A0C910006B86F /* RxExample */ = {
			isa = PBXGroup;
			children = (
				01E407E42C5A0CA10006B86F /* NumberViewController.swift */,
				01E407E82C5A12050006B86F /* SimpleValidationViewController.swift */,
				01E407EA2C5A1E760006B86F /* SimpleTableViewViewController.swift */,
			);
			path = RxExample;
			sourceTree = "<group>";
		};
		01E4082D2C5D1C130006B86F /* Shopping */ = {
			isa = PBXGroup;
			children = (
				01E4082B2C5BCB200006B86F /* ShoppingViewController.swift */,
				01E4082E2C5D1C2A0006B86F /* ShoppingCell.swift */,
				01E408302C5E129D0006B86F /* ShoppingEditViewController.swift */,
			);
			path = Shopping;
			sourceTree = "<group>";
		};
		01E408342C5F49890006B86F /* DatePicker */ = {
			isa = PBXGroup;
			children = (
				01E408352C5F49990006B86F /* BirthDayViewController.swift */,
			);
			path = DatePicker;
			sourceTree = "<group>";
		};
		01E408392C5F64A40006B86F /* Password */ = {
			isa = PBXGroup;
			children = (
				01E408372C5F64A20006B86F /* PasswordViewController.swift */,
				01E4083A2C5F65700006B86F /* PasswordView.swift */,
			);
			path = Password;
			sourceTree = "<group>";
		};
		01E4083E2C5F6E5F0006B86F /* Phone */ = {
			isa = PBXGroup;
			children = (
				01E4083F2C5F6E690006B86F /* PhoneView.swift */,
				01E408412C5F6E900006B86F /* PhoneViewController.swift */,
			);
			path = Phone;
			sourceTree = "<group>";
		};
/* End PBXGroup section */

/* Begin PBXNativeTarget section */
		01E407A22C59100D0006B86F /* RxAdapt */ = {
			isa = PBXNativeTarget;
			buildConfigurationList = 01E407B72C59100E0006B86F /* Build configuration list for PBXNativeTarget "RxAdapt" */;
			buildPhases = (
				01E4079F2C59100D0006B86F /* Sources */,
				01E407A02C59100D0006B86F /* Frameworks */,
				01E407A12C59100D0006B86F /* Resources */,
			);
			buildRules = (
			);
			dependencies = (
			);
			name = RxAdapt;
			packageProductDependencies = (
				01E407BD2C59120B0006B86F /* SnapKit */,
				01E407C02C5914130006B86F /* RxCocoa */,
				01E407C22C5914130006B86F /* RxSwift */,
			);
			productName = RxAdapt;
			productReference = 01E407A32C59100D0006B86F /* RxAdapt.app */;
			productType = "com.apple.product-type.application";
		};
/* End PBXNativeTarget section */

/* Begin PBXProject section */
		01E4079B2C59100D0006B86F /* Project object */ = {
			isa = PBXProject;
			attributes = {
				BuildIndependentTargetsInParallel = 1;
				LastSwiftUpdateCheck = 1530;
				LastUpgradeCheck = 1530;
				TargetAttributes = {
					01E407A22C59100D0006B86F = {
						CreatedOnToolsVersion = 15.3;
					};
				};
			};
			buildConfigurationList = 01E4079E2C59100D0006B86F /* Build configuration list for PBXProject "RxAdapt" */;
			compatibilityVersion = "Xcode 14.0";
			developmentRegion = en;
			hasScannedForEncodings = 0;
			knownRegions = (
				en,
				Base,
			);
			mainGroup = 01E4079A2C59100D0006B86F;
			packageReferences = (
				01E407BC2C59120B0006B86F /* XCRemoteSwiftPackageReference "SnapKit" */,
				01E407BF2C5914130006B86F /* XCRemoteSwiftPackageReference "RxSwift" */,
			);
			productRefGroup = 01E407A42C59100D0006B86F /* Products */;
			projectDirPath = "";
			projectRoot = "";
			targets = (
				01E407A22C59100D0006B86F /* RxAdapt */,
			);
		};
/* End PBXProject section */

/* Begin PBXResourcesBuildPhase section */
		01E407A12C59100D0006B86F /* Resources */ = {
			isa = PBXResourcesBuildPhase;
			buildActionMask = 2147483647;
			files = (
				01E407B02C59100E0006B86F /* Assets.xcassets in Resources */,
				01E407B32C59100E0006B86F /* Base in Resources */,
				01E407AE2C59100D0006B86F /* Base in Resources */,
			);
			runOnlyForDeploymentPostprocessing = 0;
		};
/* End PBXResourcesBuildPhase section */

/* Begin PBXSourcesBuildPhase section */
		01E4079F2C59100D0006B86F /* Sources */ = {
			isa = PBXSourcesBuildPhase;
			buildActionMask = 2147483647;
			files = (
				01E407CB2C592C480006B86F /* JustViewController.swift in Sources */,
				01E407BB2C5911F60006B86F /* PickerViewController.swift in Sources */,
				01E408362C5F49990006B86F /* BirthDayViewController.swift in Sources */,
				01E408312C5E129D0006B86F /* ShoppingEditViewController.swift in Sources */,
				01E407AB2C59100D0006B86F /* ViewController.swift in Sources */,
				01E407C72C59291A0006B86F /* RxTextFieldViewController.swift in Sources */,
				01E408382C5F64A20006B86F /* PasswordViewController.swift in Sources */,
				01E4082C2C5BCB200006B86F /* ShoppingViewController.swift in Sources */,
				01E4082F2C5D1C2A0006B86F /* ShoppingCell.swift in Sources */,
				01E407A72C59100D0006B86F /* AppDelegate.swift in Sources */,
				01E407E72C5A0FEA0006B86F /* BaseViewController.swift in Sources */,
				01E407D12C592DB50006B86F /* TakeViewController.swift in Sources */,
				01E407CD2C592D130006B86F /* OfViewController.swift in Sources */,
				01E407C52C5919090006B86F /* RxTableViewController.swift in Sources */,
				01E407E52C5A0CA10006B86F /* NumberViewController.swift in Sources */,
				01E408422C5F6E900006B86F /* PhoneViewController.swift in Sources */,
				01E4083B2C5F65710006B86F /* PasswordView.swift in Sources */,
				01E407EB2C5A1E760006B86F /* SimpleTableViewViewController.swift in Sources */,
				01E407CF2C592D6C0006B86F /* FromViewController.swift in Sources */,
				01E4083D2C5F658B0006B86F /* BaseView.swift in Sources */,
				01E407E92C5A12050006B86F /* SimpleValidationViewController.swift in Sources */,
				01E407A92C59100D0006B86F /* SceneDelegate.swift in Sources */,
				01E408402C5F6E690006B86F /* PhoneView.swift in Sources */,
			);
			runOnlyForDeploymentPostprocessing = 0;
		};
/* End PBXSourcesBuildPhase section */

/* Begin PBXVariantGroup section */
		01E407AC2C59100D0006B86F /* Main.storyboard */ = {
			isa = PBXVariantGroup;
			children = (
				01E407AD2C59100D0006B86F /* Base */,
			);
			name = Main.storyboard;
			sourceTree = "<group>";
		};
		01E407B12C59100E0006B86F /* LaunchScreen.storyboard */ = {
			isa = PBXVariantGroup;
			children = (
				01E407B22C59100E0006B86F /* Base */,
			);
			name = LaunchScreen.storyboard;
			sourceTree = "<group>";
		};
/* End PBXVariantGroup section */

/* Begin XCBuildConfiguration section */
		01E407B52C59100E0006B86F /* Debug */ = {
			isa = XCBuildConfiguration;
			buildSettings = {
				ALWAYS_SEARCH_USER_PATHS = NO;
				ASSETCATALOG_COMPILER_GENERATE_SWIFT_ASSET_SYMBOL_EXTENSIONS = YES;
				CLANG_ANALYZER_NONNULL = YES;
				CLANG_ANALYZER_NUMBER_OBJECT_CONVERSION = YES_AGGRESSIVE;
				CLANG_CXX_LANGUAGE_STANDARD = "gnu++20";
				CLANG_ENABLE_MODULES = YES;
				CLANG_ENABLE_OBJC_ARC = YES;
				CLANG_ENABLE_OBJC_WEAK = YES;
				CLANG_WARN_BLOCK_CAPTURE_AUTORELEASING = YES;
				CLANG_WARN_BOOL_CONVERSION = YES;
				CLANG_WARN_COMMA = YES;
				CLANG_WARN_CONSTANT_CONVERSION = YES;
				CLANG_WARN_DEPRECATED_OBJC_IMPLEMENTATIONS = YES;
				CLANG_WARN_DIRECT_OBJC_ISA_USAGE = YES_ERROR;
				CLANG_WARN_DOCUMENTATION_COMMENTS = YES;
				CLANG_WARN_EMPTY_BODY = YES;
				CLANG_WARN_ENUM_CONVERSION = YES;
				CLANG_WARN_INFINITE_RECURSION = YES;
				CLANG_WARN_INT_CONVERSION = YES;
				CLANG_WARN_NON_LITERAL_NULL_CONVERSION = YES;
				CLANG_WARN_OBJC_IMPLICIT_RETAIN_SELF = YES;
				CLANG_WARN_OBJC_LITERAL_CONVERSION = YES;
				CLANG_WARN_OBJC_ROOT_CLASS = YES_ERROR;
				CLANG_WARN_QUOTED_INCLUDE_IN_FRAMEWORK_HEADER = YES;
				CLANG_WARN_RANGE_LOOP_ANALYSIS = YES;
				CLANG_WARN_STRICT_PROTOTYPES = YES;
				CLANG_WARN_SUSPICIOUS_MOVE = YES;
				CLANG_WARN_UNGUARDED_AVAILABILITY = YES_AGGRESSIVE;
				CLANG_WARN_UNREACHABLE_CODE = YES;
				CLANG_WARN__DUPLICATE_METHOD_MATCH = YES;
				COPY_PHASE_STRIP = NO;
				DEBUG_INFORMATION_FORMAT = dwarf;
				ENABLE_STRICT_OBJC_MSGSEND = YES;
				ENABLE_TESTABILITY = YES;
				ENABLE_USER_SCRIPT_SANDBOXING = YES;
				GCC_C_LANGUAGE_STANDARD = gnu17;
				GCC_DYNAMIC_NO_PIC = NO;
				GCC_NO_COMMON_BLOCKS = YES;
				GCC_OPTIMIZATION_LEVEL = 0;
				GCC_PREPROCESSOR_DEFINITIONS = (
					"DEBUG=1",
					"$(inherited)",
				);
				GCC_WARN_64_TO_32_BIT_CONVERSION = YES;
				GCC_WARN_ABOUT_RETURN_TYPE = YES_ERROR;
				GCC_WARN_UNDECLARED_SELECTOR = YES;
				GCC_WARN_UNINITIALIZED_AUTOS = YES_AGGRESSIVE;
				GCC_WARN_UNUSED_FUNCTION = YES;
				GCC_WARN_UNUSED_VARIABLE = YES;
				IPHONEOS_DEPLOYMENT_TARGET = 17.4;
				LOCALIZATION_PREFERS_STRING_CATALOGS = YES;
				MTL_ENABLE_DEBUG_INFO = INCLUDE_SOURCE;
				MTL_FAST_MATH = YES;
				ONLY_ACTIVE_ARCH = YES;
				SDKROOT = iphoneos;
				SWIFT_ACTIVE_COMPILATION_CONDITIONS = "DEBUG $(inherited)";
				SWIFT_OPTIMIZATION_LEVEL = "-Onone";
			};
			name = Debug;
		};
		01E407B62C59100E0006B86F /* Release */ = {
			isa = XCBuildConfiguration;
			buildSettings = {
				ALWAYS_SEARCH_USER_PATHS = NO;
				ASSETCATALOG_COMPILER_GENERATE_SWIFT_ASSET_SYMBOL_EXTENSIONS = YES;
				CLANG_ANALYZER_NONNULL = YES;
				CLANG_ANALYZER_NUMBER_OBJECT_CONVERSION = YES_AGGRESSIVE;
				CLANG_CXX_LANGUAGE_STANDARD = "gnu++20";
				CLANG_ENABLE_MODULES = YES;
				CLANG_ENABLE_OBJC_ARC = YES;
				CLANG_ENABLE_OBJC_WEAK = YES;
				CLANG_WARN_BLOCK_CAPTURE_AUTORELEASING = YES;
				CLANG_WARN_BOOL_CONVERSION = YES;
				CLANG_WARN_COMMA = YES;
				CLANG_WARN_CONSTANT_CONVERSION = YES;
				CLANG_WARN_DEPRECATED_OBJC_IMPLEMENTATIONS = YES;
				CLANG_WARN_DIRECT_OBJC_ISA_USAGE = YES_ERROR;
				CLANG_WARN_DOCUMENTATION_COMMENTS = YES;
				CLANG_WARN_EMPTY_BODY = YES;
				CLANG_WARN_ENUM_CONVERSION = YES;
				CLANG_WARN_INFINITE_RECURSION = YES;
				CLANG_WARN_INT_CONVERSION = YES;
				CLANG_WARN_NON_LITERAL_NULL_CONVERSION = YES;
				CLANG_WARN_OBJC_IMPLICIT_RETAIN_SELF = YES;
				CLANG_WARN_OBJC_LITERAL_CONVERSION = YES;
				CLANG_WARN_OBJC_ROOT_CLASS = YES_ERROR;
				CLANG_WARN_QUOTED_INCLUDE_IN_FRAMEWORK_HEADER = YES;
				CLANG_WARN_RANGE_LOOP_ANALYSIS = YES;
				CLANG_WARN_STRICT_PROTOTYPES = YES;
				CLANG_WARN_SUSPICIOUS_MOVE = YES;
				CLANG_WARN_UNGUARDED_AVAILABILITY = YES_AGGRESSIVE;
				CLANG_WARN_UNREACHABLE_CODE = YES;
				CLANG_WARN__DUPLICATE_METHOD_MATCH = YES;
				COPY_PHASE_STRIP = NO;
				DEBUG_INFORMATION_FORMAT = "dwarf-with-dsym";
				ENABLE_NS_ASSERTIONS = NO;
				ENABLE_STRICT_OBJC_MSGSEND = YES;
				ENABLE_USER_SCRIPT_SANDBOXING = YES;
				GCC_C_LANGUAGE_STANDARD = gnu17;
				GCC_NO_COMMON_BLOCKS = YES;
				GCC_WARN_64_TO_32_BIT_CONVERSION = YES;
				GCC_WARN_ABOUT_RETURN_TYPE = YES_ERROR;
				GCC_WARN_UNDECLARED_SELECTOR = YES;
				GCC_WARN_UNINITIALIZED_AUTOS = YES_AGGRESSIVE;
				GCC_WARN_UNUSED_FUNCTION = YES;
				GCC_WARN_UNUSED_VARIABLE = YES;
				IPHONEOS_DEPLOYMENT_TARGET = 17.4;
				LOCALIZATION_PREFERS_STRING_CATALOGS = YES;
				MTL_ENABLE_DEBUG_INFO = NO;
				MTL_FAST_MATH = YES;
				SDKROOT = iphoneos;
				SWIFT_COMPILATION_MODE = wholemodule;
				VALIDATE_PRODUCT = YES;
			};
			name = Release;
		};
		01E407B82C59100E0006B86F /* Debug */ = {
			isa = XCBuildConfiguration;
			buildSettings = {
				ASSETCATALOG_COMPILER_APPICON_NAME = AppIcon;
				ASSETCATALOG_COMPILER_GLOBAL_ACCENT_COLOR_NAME = AccentColor;
				CODE_SIGN_STYLE = Automatic;
				CURRENT_PROJECT_VERSION = 1;
				DEVELOPMENT_TEAM = 7S6PH8TVFD;
				GENERATE_INFOPLIST_FILE = YES;
				INFOPLIST_FILE = RxAdapt/Info.plist;
				INFOPLIST_KEY_UIApplicationSupportsIndirectInputEvents = YES;
				INFOPLIST_KEY_UILaunchStoryboardName = LaunchScreen;
				INFOPLIST_KEY_UIMainStoryboardFile = Main;
				INFOPLIST_KEY_UISupportedInterfaceOrientations_iPad = "UIInterfaceOrientationPortrait UIInterfaceOrientationPortraitUpsideDown UIInterfaceOrientationLandscapeLeft UIInterfaceOrientationLandscapeRight";
				INFOPLIST_KEY_UISupportedInterfaceOrientations_iPhone = "UIInterfaceOrientationPortrait UIInterfaceOrientationLandscapeLeft UIInterfaceOrientationLandscapeRight";
				LD_RUNPATH_SEARCH_PATHS = (
					"$(inherited)",
					"@executable_path/Frameworks",
				);
				MARKETING_VERSION = 1.0;
				PRODUCT_BUNDLE_IDENTIFIER = com.seokho.RxAdapt;
				PRODUCT_NAME = "$(TARGET_NAME)";
				SWIFT_EMIT_LOC_STRINGS = YES;
				SWIFT_VERSION = 5.0;
				TARGETED_DEVICE_FAMILY = "1,2";
			};
			name = Debug;
		};
		01E407B92C59100E0006B86F /* Release */ = {
			isa = XCBuildConfiguration;
			buildSettings = {
				ASSETCATALOG_COMPILER_APPICON_NAME = AppIcon;
				ASSETCATALOG_COMPILER_GLOBAL_ACCENT_COLOR_NAME = AccentColor;
				CODE_SIGN_STYLE = Automatic;
				CURRENT_PROJECT_VERSION = 1;
				DEVELOPMENT_TEAM = 7S6PH8TVFD;
				GENERATE_INFOPLIST_FILE = YES;
				INFOPLIST_FILE = RxAdapt/Info.plist;
				INFOPLIST_KEY_UIApplicationSupportsIndirectInputEvents = YES;
				INFOPLIST_KEY_UILaunchStoryboardName = LaunchScreen;
				INFOPLIST_KEY_UIMainStoryboardFile = Main;
				INFOPLIST_KEY_UISupportedInterfaceOrientations_iPad = "UIInterfaceOrientationPortrait UIInterfaceOrientationPortraitUpsideDown UIInterfaceOrientationLandscapeLeft UIInterfaceOrientationLandscapeRight";
				INFOPLIST_KEY_UISupportedInterfaceOrientations_iPhone = "UIInterfaceOrientationPortrait UIInterfaceOrientationLandscapeLeft UIInterfaceOrientationLandscapeRight";
				LD_RUNPATH_SEARCH_PATHS = (
					"$(inherited)",
					"@executable_path/Frameworks",
				);
				MARKETING_VERSION = 1.0;
				PRODUCT_BUNDLE_IDENTIFIER = com.seokho.RxAdapt;
				PRODUCT_NAME = "$(TARGET_NAME)";
				SWIFT_EMIT_LOC_STRINGS = YES;
				SWIFT_VERSION = 5.0;
				TARGETED_DEVICE_FAMILY = "1,2";
			};
			name = Release;
		};
/* End XCBuildConfiguration section */

/* Begin XCConfigurationList section */
		01E4079E2C59100D0006B86F /* Build configuration list for PBXProject "RxAdapt" */ = {
			isa = XCConfigurationList;
			buildConfigurations = (
				01E407B52C59100E0006B86F /* Debug */,
				01E407B62C59100E0006B86F /* Release */,
			);
			defaultConfigurationIsVisible = 0;
			defaultConfigurationName = Release;
		};
		01E407B72C59100E0006B86F /* Build configuration list for PBXNativeTarget "RxAdapt" */ = {
			isa = XCConfigurationList;
			buildConfigurations = (
				01E407B82C59100E0006B86F /* Debug */,
				01E407B92C59100E0006B86F /* Release */,
			);
			defaultConfigurationIsVisible = 0;
			defaultConfigurationName = Release;
		};
/* End XCConfigurationList section */

/* Begin XCRemoteSwiftPackageReference section */
		01E407BC2C59120B0006B86F /* XCRemoteSwiftPackageReference "SnapKit" */ = {
			isa = XCRemoteSwiftPackageReference;
			repositoryURL = "https://github.com/SnapKit/SnapKit";
			requirement = {
				kind = upToNextMajorVersion;
				minimumVersion = 5.7.1;
			};
		};
		01E407BF2C5914130006B86F /* XCRemoteSwiftPackageReference "RxSwift" */ = {
			isa = XCRemoteSwiftPackageReference;
			repositoryURL = "https://github.com/ReactiveX/RxSwift";
			requirement = {
				kind = upToNextMajorVersion;
				minimumVersion = 6.7.1;
			};
		};
/* End XCRemoteSwiftPackageReference section */

/* Begin XCSwiftPackageProductDependency section */
		01E407BD2C59120B0006B86F /* SnapKit */ = {
			isa = XCSwiftPackageProductDependency;
			package = 01E407BC2C59120B0006B86F /* XCRemoteSwiftPackageReference "SnapKit" */;
			productName = SnapKit;
		};
		01E407C02C5914130006B86F /* RxCocoa */ = {
			isa = XCSwiftPackageProductDependency;
			package = 01E407BF2C5914130006B86F /* XCRemoteSwiftPackageReference "RxSwift" */;
			productName = RxCocoa;
		};
		01E407C22C5914130006B86F /* RxSwift */ = {
			isa = XCSwiftPackageProductDependency;
			package = 01E407BF2C5914130006B86F /* XCRemoteSwiftPackageReference "RxSwift" */;
			productName = RxSwift;
		};
/* End XCSwiftPackageProductDependency section */
	};
	rootObject = 01E4079B2C59100D0006B86F /* Project object */;
}
